
Microsoft Visual Studio Solution File, Format Version 12.00
# Visual Studio Version 17
VisualStudioVersion = 17.3.32819.101
MinimumVisualStudioVersion = 10.0.40219.1
Project("{9A19103F-16F7-4668-BE54-9A1E7A4F7556}") = "ProjetoCarros", "ProjetoCarros\ProjetoCarros.csproj", "{8CF01D58-DEE7-429F-9793-A0E558E9CF8B}"
EndProject
Global
	GlobalSection(SolutionConfigurationPlatforms) = preSolution
		Debug|Any CPU = Debug|Any CPU
		Release|Any CPU = Release|Any CPU
	EndGlobalSection
	GlobalSection(ProjectConfigurationPlatforms) = postSolution
		{8CF01D58-DEE7-429F-9793-A0E558E9CF8B}.Debug|Any CPU.ActiveCfg = Debug|Any CPU
		{8CF01D58-DEE7-429F-9793-A0E558E9CF8B}.Debug|Any CPU.Build.0 = Debug|Any CPU
		{8CF01D58-DEE7-429F-9793-A0E558E9CF8B}.Release|Any CPU.ActiveCfg = Release|Any CPU
		{8CF01D58-DEE7-429F-9793-A0E558E9CF8B}.Release|Any CPU.Build.0 = Release|Any CPU
	EndGlobalSection
	GlobalSection(SolutionProperties) = preSolution
		HideSolutionNode = FALSE
	EndGlobalSection
	GlobalSection(ExtensibilityGlobals) = postSolution
		SolutionGuid = {5B955148-A81C-41D3-861F-4EAC048977C2}
	EndGlobalSection
EndGlobal
